
Microsoft Visual Studio Solution File, Format Version 11.00
# Visual Studio 2010
Project("{FAE04EC0-301F-11D3-BF4B-00C04F79EFBC}") = "Jewellery Managment", "Jewellery Managment\Jewellery Managment.csproj", "{93B55870-B758-4C96-8E8B-14BF292B54EA}"
EndProject
Global
	GlobalSection(SolutionConfigurationPlatforms) = preSolution
		Debug|x86 = Debug|x86
		Release|x86 = Release|x86
	EndGlobalSection
	GlobalSection(ProjectConfigurationPlatforms) = postSolution
		{93B55870-B758-4C96-8E8B-14BF292B54EA}.Debug|x86.ActiveCfg = Debug|x86
		{93B55870-B758-4C96-8E8B-14BF292B54EA}.Debug|x86.Build.0 = Debug|x86
		{93B55870-B758-4C96-8E8B-14BF292B54EA}.Release|x86.ActiveCfg = Release|x86
		{93B55870-B758-4C96-8E8B-14BF292B54EA}.Release|x86.Build.0 = Release|x86
	EndGlobalSection
	GlobalSection(SolutionProperties) = preSolution
		HideSolutionNode = FALSE
	EndGlobalSection
EndGlobal
